
Microsoft Visual Studio Solution File, Format Version 12.00
# Visual Studio Version 17
VisualStudioVersion = 17.11.35312.102
MinimumVisualStudioVersion = 10.0.40219.1
Project("{FAE04EC0-301F-11D3-BF4B-00C04F79EFBC}") = "WebApplication_Core_Visual", "WebApplication_Core_Visual\WebApplication_Core_Visual.csproj", "{41C428D0-C42E-41F1-9073-409376761AC9}"
EndProject
Project("{FAE04EC0-301F-11D3-BF4B-00C04F79EFBC}") = "Sample_WebApi", "Sample_WebApi\Sample_WebApi.csproj", "{7C9D6803-C1C4-41F2-B30E-8C120054E49B}"
EndProject
Project("{2150E333-8FDC-42A3-9474-1A3956D46DE8}") = "Frontend", "Frontend", "{F1B54C3D-695A-4500-891A-FA9C3109F3C1}"
EndProject
Project("{2150E333-8FDC-42A3-9474-1A3956D46DE8}") = "Gateway", "Gateway", "{9D2630BC-7136-461D-B30F-E20A2F94CF28}"
EndProject
Project("{2150E333-8FDC-42A3-9474-1A3956D46DE8}") = "Integration", "Integration", "{B136BCAB-42D3-44B8-9DBA-67B6AD8689EA}"
EndProject
Project("{2150E333-8FDC-42A3-9474-1A3956D46DE8}") = "Services", "Services", "{E454B3D7-EE61-41D0-8BDE-78B2AE2B873F}"
EndProject
Project("{FAE04EC0-301F-11D3-BF4B-00C04F79EFBC}") = "Mango.Services.CouponAPI", "Mango.Services.CouponAPI\Mango.Services.CouponAPI.csproj", "{7B277FC3-559C-43CC-A908-F5555CD7DB49}"
EndProject
Global
	GlobalSection(SolutionConfigurationPlatforms) = preSolution
		Debug|Any CPU = Debug|Any CPU
		Release|Any CPU = Release|Any CPU
	EndGlobalSection
	GlobalSection(ProjectConfigurationPlatforms) = postSolution
		{41C428D0-C42E-41F1-9073-409376761AC9}.Debug|Any CPU.ActiveCfg = Debug|Any CPU
		{41C428D0-C42E-41F1-9073-409376761AC9}.Debug|Any CPU.Build.0 = Debug|Any CPU
		{41C428D0-C42E-41F1-9073-409376761AC9}.Release|Any CPU.ActiveCfg = Release|Any CPU
		{41C428D0-C42E-41F1-9073-409376761AC9}.Release|Any CPU.Build.0 = Release|Any CPU
		{7C9D6803-C1C4-41F2-B30E-8C120054E49B}.Debug|Any CPU.ActiveCfg = Debug|Any CPU
		{7C9D6803-C1C4-41F2-B30E-8C120054E49B}.Debug|Any CPU.Build.0 = Debug|Any CPU
		{7C9D6803-C1C4-41F2-B30E-8C120054E49B}.Release|Any CPU.ActiveCfg = Release|Any CPU
		{7C9D6803-C1C4-41F2-B30E-8C120054E49B}.Release|Any CPU.Build.0 = Release|Any CPU
		{7B277FC3-559C-43CC-A908-F5555CD7DB49}.Debug|Any CPU.ActiveCfg = Debug|Any CPU
		{7B277FC3-559C-43CC-A908-F5555CD7DB49}.Debug|Any CPU.Build.0 = Debug|Any CPU
		{7B277FC3-559C-43CC-A908-F5555CD7DB49}.Release|Any CPU.ActiveCfg = Release|Any CPU
		{7B277FC3-559C-43CC-A908-F5555CD7DB49}.Release|Any CPU.Build.0 = Release|Any CPU
	EndGlobalSection
	GlobalSection(SolutionProperties) = preSolution
		HideSolutionNode = FALSE
	EndGlobalSection
	GlobalSection(NestedProjects) = preSolution
		{7B277FC3-559C-43CC-A908-F5555CD7DB49} = {E454B3D7-EE61-41D0-8BDE-78B2AE2B873F}
	EndGlobalSection
	GlobalSection(ExtensibilityGlobals) = postSolution
		SolutionGuid = {C03BACD4-877A-4F15-8933-C5BC7E58A0DF}
	EndGlobalSection
EndGlobal
